// !$*UTF8*$!
{
	archiveVersion = 1;
	classes = {
	};
	objectVersion = 46;
	objects = {

/* Begin PBXBuildFile section */
		81164F7A20A72A2D002EBAA8 /* AppDelegate.swift in Sources */ = {isa = PBXBuildFile; fileRef = 81164F7920A72A2D002EBAA8 /* AppDelegate.swift */; };
		81164F7C20A72A2D002EBAA8 /* ViewController.swift in Sources */ = {isa = PBXBuildFile; fileRef = 81164F7B20A72A2D002EBAA8 /* ViewController.swift */; };
		81164F7F20A72A2D002EBAA8 /* Main.storyboard in Resources */ = {isa = PBXBuildFile; fileRef = 81164F7D20A72A2D002EBAA8 /* Main.storyboard */; };
		81164F8220A72A2D002EBAA8 /* DogHero.xcdatamodeld in Sources */ = {isa = PBXBuildFile; fileRef = 81164F8020A72A2D002EBAA8 /* DogHero.xcdatamodeld */; };
		81164F8420A72A2D002EBAA8 /* Assets.xcassets in Resources */ = {isa = PBXBuildFile; fileRef = 81164F8320A72A2D002EBAA8 /* Assets.xcassets */; };
		81164F8720A72A2D002EBAA8 /* LaunchScreen.storyboard in Resources */ = {isa = PBXBuildFile; fileRef = 81164F8520A72A2D002EBAA8 /* LaunchScreen.storyboard */; };
		81164F8F20A72BEF002EBAA8 /* LoginController.swift in Sources */ = {isa = PBXBuildFile; fileRef = 81164F8E20A72BEF002EBAA8 /* LoginController.swift */; };
		81164F9120A73509002EBAA8 /* RegisterController.swift in Sources */ = {isa = PBXBuildFile; fileRef = 81164F9020A73509002EBAA8 /* RegisterController.swift */; };
		81F7A70320B0703A0090CD71 /* ListPetsViewController.swift in Sources */ = {isa = PBXBuildFile; fileRef = 81F7A70220B0703A0090CD71 /* ListPetsViewController.swift */; };
		81F7A70520B070830090CD71 /* RegisterPetViewController.swift in Sources */ = {isa = PBXBuildFile; fileRef = 81F7A70420B070830090CD71 /* RegisterPetViewController.swift */; };
		81F7A70720B070D40090CD71 /* MyPetsViewController.swift in Sources */ = {isa = PBXBuildFile; fileRef = 81F7A70620B070D40090CD71 /* MyPetsViewController.swift */; };
		81F7A70920B084190090CD71 /* Pet.swift in Sources */ = {isa = PBXBuildFile; fileRef = 81F7A70820B084190090CD71 /* Pet.swift */; };
		81F7A70B20B085760090CD71 /* User.swift in Sources */ = {isa = PBXBuildFile; fileRef = 81F7A70A20B085760090CD71 /* User.swift */; };
/* End PBXBuildFile section */

/* Begin PBXFileReference section */
		81164F7620A72A2D002EBAA8 /* DogHero.app */ = {isa = PBXFileReference; explicitFileType = wrapper.application; includeInIndex = 0; path = DogHero.app; sourceTree = BUILT_PRODUCTS_DIR; };
		81164F7920A72A2D002EBAA8 /* AppDelegate.swift */ = {isa = PBXFileReference; lastKnownFileType = sourcecode.swift; path = AppDelegate.swift; sourceTree = "<group>"; };
		81164F7B20A72A2D002EBAA8 /* ViewController.swift */ = {isa = PBXFileReference; lastKnownFileType = sourcecode.swift; path = ViewController.swift; sourceTree = "<group>"; };
		81164F7E20A72A2D002EBAA8 /* Base */ = {isa = PBXFileReference; lastKnownFileType = file.storyboard; name = Base; path = Base.lproj/Main.storyboard; sourceTree = "<group>"; };
		81164F8120A72A2D002EBAA8 /* DogHero.xcdatamodel */ = {isa = PBXFileReference; lastKnownFileType = wrapper.xcdatamodel; path = DogHero.xcdatamodel; sourceTree = "<group>"; };
		81164F8320A72A2D002EBAA8 /* Assets.xcassets */ = {isa = PBXFileReference; lastKnownFileType = folder.assetcatalog; path = Assets.xcassets; sourceTree = "<group>"; };
		81164F8620A72A2D002EBAA8 /* Base */ = {isa = PBXFileReference; lastKnownFileType = file.storyboard; name = Base; path = Base.lproj/LaunchScreen.storyboard; sourceTree = "<group>"; };
		81164F8820A72A2D002EBAA8 /* Info.plist */ = {isa = PBXFileReference; lastKnownFileType = text.plist.xml; path = Info.plist; sourceTree = "<group>"; };
		81164F8E20A72BEF002EBAA8 /* LoginController.swift */ = {isa = PBXFileReference; fileEncoding = 4; lastKnownFileType = sourcecode.swift; path = LoginController.swift; sourceTree = "<group>"; };
		81164F9020A73509002EBAA8 /* RegisterController.swift */ = {isa = PBXFileReference; fileEncoding = 4; lastKnownFileType = sourcecode.swift; path = RegisterController.swift; sourceTree = "<group>"; };
		81F7A70220B0703A0090CD71 /* ListPetsViewController.swift */ = {isa = PBXFileReference; fileEncoding = 4; lastKnownFileType = sourcecode.swift; path = ListPetsViewController.swift; sourceTree = "<group>"; };
		81F7A70420B070830090CD71 /* RegisterPetViewController.swift */ = {isa = PBXFileReference; fileEncoding = 4; lastKnownFileType = sourcecode.swift; path = RegisterPetViewController.swift; sourceTree = "<group>"; };
		81F7A70620B070D40090CD71 /* MyPetsViewController.swift */ = {isa = PBXFileReference; fileEncoding = 4; lastKnownFileType = sourcecode.swift; path = MyPetsViewController.swift; sourceTree = "<group>"; };
		81F7A70820B084190090CD71 /* Pet.swift */ = {isa = PBXFileReference; fileEncoding = 4; lastKnownFileType = sourcecode.swift; path = Pet.swift; sourceTree = "<group>"; };
		81F7A70A20B085760090CD71 /* User.swift */ = {isa = PBXFileReference; fileEncoding = 4; lastKnownFileType = sourcecode.swift; path = User.swift; sourceTree = "<group>"; };
/* End PBXFileReference section */

/* Begin PBXFrameworksBuildPhase section */
		81164F7320A72A2D002EBAA8 /* Frameworks */ = {
			isa = PBXFrameworksBuildPhase;
			buildActionMask = 2147483647;
			files = (
			);
			runOnlyForDeploymentPostprocessing = 0;
		};
/* End PBXFrameworksBuildPhase section */

/* Begin PBXGroup section */
		81164F6D20A72A2D002EBAA8 = {
			isa = PBXGroup;
			children = (
				81164F7820A72A2D002EBAA8 /* DogHero */,
				81164F7720A72A2D002EBAA8 /* Products */,
			);
			sourceTree = "<group>";
		};
		81164F7720A72A2D002EBAA8 /* Products */ = {
			isa = PBXGroup;
			children = (
				81164F7620A72A2D002EBAA8 /* DogHero.app */,
			);
			name = Products;
			sourceTree = "<group>";
		};
		81164F7820A72A2D002EBAA8 /* DogHero */ = {
			isa = PBXGroup;
			children = (
				81164F7920A72A2D002EBAA8 /* AppDelegate.swift */,
				81164F7B20A72A2D002EBAA8 /* ViewController.swift */,
				81164F7D20A72A2D002EBAA8 /* Main.storyboard */,
				81164F8320A72A2D002EBAA8 /* Assets.xcassets */,
				81164F8520A72A2D002EBAA8 /* LaunchScreen.storyboard */,
				81164F8820A72A2D002EBAA8 /* Info.plist */,
				81164F8020A72A2D002EBAA8 /* DogHero.xcdatamodeld */,
				81164F8E20A72BEF002EBAA8 /* LoginController.swift */,
				81164F9020A73509002EBAA8 /* RegisterController.swift */,
				81F7A70220B0703A0090CD71 /* ListPetsViewController.swift */,
				81F7A70420B070830090CD71 /* RegisterPetViewController.swift */,
				81F7A70620B070D40090CD71 /* MyPetsViewController.swift */,
				81F7A70820B084190090CD71 /* Pet.swift */,
				81F7A70A20B085760090CD71 /* User.swift */,
			);
			path = DogHero;
			sourceTree = "<group>";
		};
/* End PBXGroup section */

/* Begin PBXNativeTarget section */
		81164F7520A72A2D002EBAA8 /* DogHero */ = {
			isa = PBXNativeTarget;
			buildConfigurationList = 81164F8B20A72A2D002EBAA8 /* Build configuration list for PBXNativeTarget "DogHero" */;
			buildPhases = (
				81164F7220A72A2D002EBAA8 /* Sources */,
				81164F7320A72A2D002EBAA8 /* Frameworks */,
				81164F7420A72A2D002EBAA8 /* Resources */,
			);
			buildRules = (
			);
			dependencies = (
			);
			name = DogHero;
			productName = DogHero;
			productReference = 81164F7620A72A2D002EBAA8 /* DogHero.app */;
			productType = "com.apple.product-type.application";
		};
/* End PBXNativeTarget section */

/* Begin PBXProject section */
		81164F6E20A72A2D002EBAA8 /* Project object */ = {
			isa = PBXProject;
			attributes = {
				LastSwiftUpdateCheck = 0830;
				LastUpgradeCheck = 0830;
				ORGANIZATIONNAME = "Treinamento Porto Digital";
				TargetAttributes = {
					81164F7520A72A2D002EBAA8 = {
						CreatedOnToolsVersion = 8.3.3;
						ProvisioningStyle = Automatic;
					};
				};
			};
			buildConfigurationList = 81164F7120A72A2D002EBAA8 /* Build configuration list for PBXProject "DogHero" */;
			compatibilityVersion = "Xcode 3.2";
			developmentRegion = English;
			hasScannedForEncodings = 0;
			knownRegions = (
				en,
				Base,
			);
			mainGroup = 81164F6D20A72A2D002EBAA8;
			productRefGroup = 81164F7720A72A2D002EBAA8 /* Products */;
			projectDirPath = "";
			projectRoot = "";
			targets = (
				81164F7520A72A2D002EBAA8 /* DogHero */,
			);
		};
/* End PBXProject section */

/* Begin PBXResourcesBuildPhase section */
		81164F7420A72A2D002EBAA8 /* Resources */ = {
			isa = PBXResourcesBuildPhase;
			buildActionMask = 2147483647;
			files = (
				81164F8720A72A2D002EBAA8 /* LaunchScreen.storyboard in Resources */,
				81164F8420A72A2D002EBAA8 /* Assets.xcassets in Resources */,
				81164F7F20A72A2D002EBAA8 /* Main.storyboard in Resources */,
			);
			runOnlyForDeploymentPostprocessing = 0;
		};
/* End PBXResourcesBuildPhase section */

/* Begin PBXSourcesBuildPhase section */
		81164F7220A72A2D002EBAA8 /* Sources */ = {
			isa = PBXSourcesBuildPhase;
			buildActionMask = 2147483647;
			files = (
				81164F9120A73509002EBAA8 /* RegisterController.swift in Sources */,
				81164F7C20A72A2D002EBAA8 /* ViewController.swift in Sources */,
				81164F8F20A72BEF002EBAA8 /* LoginController.swift in Sources */,
				81F7A70920B084190090CD71 /* Pet.swift in Sources */,
				81164F8220A72A2D002EBAA8 /* DogHero.xcdatamodeld in Sources */,
				81F7A70320B0703A0090CD71 /* ListPetsViewController.swift in Sources */,
				81164F7A20A72A2D002EBAA8 /* AppDelegate.swift in Sources */,
				81F7A70720B070D40090CD71 /* MyPetsViewController.swift in Sources */,
				81F7A70B20B085760090CD71 /* User.swift in Sources */,
				81F7A70520B070830090CD71 /* RegisterPetViewController.swift in Sources */,
			);
			runOnlyForDeploymentPostprocessing = 0;
		};
/* End PBXSourcesBuildPhase section */

/* Begin PBXVariantGroup section */
		81164F7D20A72A2D002EBAA8 /* Main.storyboard */ = {
			isa = PBXVariantGroup;
			children = (
				81164F7E20A72A2D002EBAA8 /* Base */,
			);
			name = Main.storyboard;
			sourceTree = "<group>";
		};
		81164F8520A72A2D002EBAA8 /* LaunchScreen.storyboard */ = {
			isa = PBXVariantGroup;
			children = (
				81164F8620A72A2D002EBAA8 /* Base */,
			);
			name = LaunchScreen.storyboard;
			sourceTree = "<group>";
		};
/* End PBXVariantGroup section */

/* Begin XCBuildConfiguration section */
		81164F8920A72A2D002EBAA8 /* Debug */ = {
			isa = XCBuildConfiguration;
			buildSettings = {
				ALWAYS_SEARCH_USER_PATHS = NO;
				CLANG_ANALYZER_NONNULL = YES;
				CLANG_ANALYZER_NUMBER_OBJECT_CONVERSION = YES_AGGRESSIVE;
				CLANG_CXX_LANGUAGE_STANDARD = "gnu++0x";
				CLANG_CXX_LIBRARY = "libc++";
				CLANG_ENABLE_MODULES = YES;
				CLANG_ENABLE_OBJC_ARC = YES;
				CLANG_WARN_BOOL_CONVERSION = YES;
				CLANG_WARN_CONSTANT_CONVERSION = YES;
				CLANG_WARN_DIRECT_OBJC_ISA_USAGE = YES_ERROR;
				CLANG_WARN_DOCUMENTATION_COMMENTS = YES;
				CLANG_WARN_EMPTY_BODY = YES;
				CLANG_WARN_ENUM_CONVERSION = YES;
				CLANG_WARN_INFINITE_RECURSION = YES;
				CLANG_WARN_INT_CONVERSION = YES;
				CLANG_WARN_OBJC_ROOT_CLASS = YES_ERROR;
				CLANG_WARN_SUSPICIOUS_MOVE = YES;
				CLANG_WARN_UNREACHABLE_CODE = YES;
				CLANG_WARN__DUPLICATE_METHOD_MATCH = YES;
				"CODE_SIGN_IDENTITY[sdk=iphoneos*]" = "iPhone Developer";
				COPY_PHASE_STRIP = NO;
				DEBUG_INFORMATION_FORMAT = dwarf;
				ENABLE_STRICT_OBJC_MSGSEND = YES;
				ENABLE_TESTABILITY = YES;
				GCC_C_LANGUAGE_STANDARD = gnu99;
				GCC_DYNAMIC_NO_PIC = NO;
				GCC_NO_COMMON_BLOCKS = YES;
				GCC_OPTIMIZATION_LEVEL = 0;
				GCC_PREPROCESSOR_DEFINITIONS = (
					"DEBUG=1",
					"$(inherited)",
				);
				GCC_WARN_64_TO_32_BIT_CONVERSION = YES;
				GCC_WARN_ABOUT_RETURN_TYPE = YES_ERROR;
				GCC_WARN_UNDECLARED_SELECTOR = YES;
				GCC_WARN_UNINITIALIZED_AUTOS = YES_AGGRESSIVE;
				GCC_WARN_UNUSED_FUNCTION = YES;
				GCC_WARN_UNUSED_VARIABLE = YES;
				IPHONEOS_DEPLOYMENT_TARGET = 10.3;
				MTL_ENABLE_DEBUG_INFO = YES;
				ONLY_ACTIVE_ARCH = YES;
				SDKROOT = iphoneos;
				SWIFT_ACTIVE_COMPILATION_CONDITIONS = DEBUG;
				SWIFT_OPTIMIZATION_LEVEL = "-Onone";
			};
			name = Debug;
		};
		81164F8A20A72A2D002EBAA8 /* Release */ = {
			isa = XCBuildConfiguration;
			buildSettings = {
				ALWAYS_SEARCH_USER_PATHS = NO;
				CLANG_ANALYZER_NONNULL = YES;
				CLANG_ANALYZER_NUMBER_OBJECT_CONVERSION = YES_AGGRESSIVE;
				CLANG_CXX_LANGUAGE_STANDARD = "gnu++0x";
				CLANG_CXX_LIBRARY = "libc++";
				CLANG_ENABLE_MODULES = YES;
				CLANG_ENABLE_OBJC_ARC = YES;
				CLANG_WARN_BOOL_CONVERSION = YES;
				CLANG_WARN_CONSTANT_CONVERSION = YES;
				CLANG_WARN_DIRECT_OBJC_ISA_USAGE = YES_ERROR;
				CLANG_WARN_DOCUMENTATION_COMMENTS = YES;
				CLANG_WARN_EMPTY_BODY = YES;
				CLANG_WARN_ENUM_CONVERSION = YES;
				CLANG_WARN_INFINITE_RECURSION = YES;
				CLANG_WARN_INT_CONVERSION = YES;
				CLANG_WARN_OBJC_ROOT_CLASS = YES_ERROR;
				CLANG_WARN_SUSPICIOUS_MOVE = YES;
				CLANG_WARN_UNREACHABLE_CODE = YES;
				CLANG_WARN__DUPLICATE_METHOD_MATCH = YES;
				"CODE_SIGN_IDENTITY[sdk=iphoneos*]" = "iPhone Developer";
				COPY_PHASE_STRIP = NO;
				DEBUG_INFORMATION_FORMAT = "dwarf-with-dsym";
				ENABLE_NS_ASSERTIONS = NO;
				ENABLE_STRICT_OBJC_MSGSEND = YES;
				GCC_C_LANGUAGE_STANDARD = gnu99;
				GCC_NO_COMMON_BLOCKS = YES;
				GCC_WARN_64_TO_32_BIT_CONVERSION = YES;
				GCC_WARN_ABOUT_RETURN_TYPE = YES_ERROR;
				GCC_WARN_UNDECLARED_SELECTOR = YES;
				GCC_WARN_UNINITIALIZED_AUTOS = YES_AGGRESSIVE;
				GCC_WARN_UNUSED_FUNCTION = YES;
				GCC_WARN_UNUSED_VARIABLE = YES;
				IPHONEOS_DEPLOYMENT_TARGET = 10.3;
				MTL_ENABLE_DEBUG_INFO = NO;
				SDKROOT = iphoneos;
				SWIFT_OPTIMIZATION_LEVEL = "-Owholemodule";
				VALIDATE_PRODUCT = YES;
			};
			name = Release;
		};
		81164F8C20A72A2D002EBAA8 /* Debug */ = {
			isa = XCBuildConfiguration;
			buildSettings = {
				ASSETCATALOG_COMPILER_APPICON_NAME = AppIcon;
				INFOPLIST_FILE = DogHero/Info.plist;
				LD_RUNPATH_SEARCH_PATHS = "$(inherited) @executable_path/Frameworks";
				PRODUCT_BUNDLE_IDENTIFIER = sigmatech.com.br.DogHero;
				PRODUCT_NAME = "$(TARGET_NAME)";
				SWIFT_VERSION = 3.0;
			};
			name = Debug;
		};
		81164F8D20A72A2D002EBAA8 /* Release */ = {
			isa = XCBuildConfiguration;
			buildSettings = {
				ASSETCATALOG_COMPILER_APPICON_NAME = AppIcon;
				INFOPLIST_FILE = DogHero/Info.plist;
				LD_RUNPATH_SEARCH_PATHS = "$(inherited) @executable_path/Frameworks";
				PRODUCT_BUNDLE_IDENTIFIER = sigmatech.com.br.DogHero;
				PRODUCT_NAME = "$(TARGET_NAME)";
				SWIFT_VERSION = 3.0;
			};
			name = Release;
		};
/* End XCBuildConfiguration section */

/* Begin XCConfigurationList section */
		81164F7120A72A2D002EBAA8 /* Build configuration list for PBXProject "DogHero" */ = {
			isa = XCConfigurationList;
			buildConfigurations = (
				81164F8920A72A2D002EBAA8 /* Debug */,
				81164F8A20A72A2D002EBAA8 /* Release */,
			);
			defaultConfigurationIsVisible = 0;
			defaultConfigurationName = Release;
		};
		81164F8B20A72A2D002EBAA8 /* Build configuration list for PBXNativeTarget "DogHero" */ = {
			isa = XCConfigurationList;
			buildConfigurations = (
				81164F8C20A72A2D002EBAA8 /* Debug */,
				81164F8D20A72A2D002EBAA8 /* Release */,
			);
			defaultConfigurationIsVisible = 0;
			defaultConfigurationName = Release;
		};
/* End XCConfigurationList section */

/* Begin XCVersionGroup section */
		81164F8020A72A2D002EBAA8 /* DogHero.xcdatamodeld */ = {
			isa = XCVersionGroup;
			children = (
				81164F8120A72A2D002EBAA8 /* DogHero.xcdatamodel */,
			);
			currentVersion = 81164F8120A72A2D002EBAA8 /* DogHero.xcdatamodel */;
			path = DogHero.xcdatamodeld;
			sourceTree = "<group>";
			versionGroupType = wrapper.xcdatamodel;
		};
/* End XCVersionGroup section */
	};
	rootObject = 81164F6E20A72A2D002EBAA8 /* Project object */;
}
